
Microsoft Visual Studio Solution File, Format Version 12.00
# Visual Studio Version 16
VisualStudioVersion = 16.0.28803.202
MinimumVisualStudioVersion = 10.0.40219.1
Project("{FAE04EC0-301F-11D3-BF4B-00C04F79EFBC}") = "WPFApp", "WPFApp\WPFApp.csproj", "{D9ADC1E9-294D-4948-983B-61B6E0DBC019}"
EndProject
Global
	GlobalSection(SolutionConfigurationPlatforms) = preSolution
		Debug|Any CPU = Debug|Any CPU
		Release|Any CPU = Release|Any CPU
	EndGlobalSection
	GlobalSection(ProjectConfigurationPlatforms) = postSolution
		{D9ADC1E9-294D-4948-983B-61B6E0DBC019}.Debug|Any CPU.ActiveCfg = Debug|Any CPU
		{D9ADC1E9-294D-4948-983B-61B6E0DBC019}.Debug|Any CPU.Build.0 = Debug|Any CPU
		{D9ADC1E9-294D-4948-983B-61B6E0DBC019}.Release|Any CPU.ActiveCfg = Release|Any CPU
		{D9ADC1E9-294D-4948-983B-61B6E0DBC019}.Release|Any CPU.Build.0 = Release|Any CPU
	EndGlobalSection
	GlobalSection(SolutionProperties) = preSolution
		HideSolutionNode = FALSE
	EndGlobalSection
	GlobalSection(ExtensibilityGlobals) = postSolution
		SolutionGuid = {168D976C-71A2-4BA4-879E-E734BA524721}
	EndGlobalSection
EndGlobal
